
Microsoft Visual Studio Solution File, Format Version 12.00
# Visual Studio Version 16
VisualStudioVersion = 16.0.30804.86
MinimumVisualStudioVersion = 10.0.40219.1
Project("{FAE04EC0-301F-11D3-BF4B-00C04F79EFBC}") = "Servicios.api.Libreria", "Servicios.api.Libreria\Servicios.api.Libreria.csproj", "{7F992D18-69AB-46DE-B4F4-7BD580E55FB5}"
EndProject
Global
	GlobalSection(SolutionConfigurationPlatforms) = preSolution
		Debug|Any CPU = Debug|Any CPU
		Release|Any CPU = Release|Any CPU
	EndGlobalSection
	GlobalSection(ProjectConfigurationPlatforms) = postSolution
		{7F992D18-69AB-46DE-B4F4-7BD580E55FB5}.Debug|Any CPU.ActiveCfg = Debug|Any CPU
		{7F992D18-69AB-46DE-B4F4-7BD580E55FB5}.Debug|Any CPU.Build.0 = Debug|Any CPU
		{7F992D18-69AB-46DE-B4F4-7BD580E55FB5}.Release|Any CPU.ActiveCfg = Release|Any CPU
		{7F992D18-69AB-46DE-B4F4-7BD580E55FB5}.Release|Any CPU.Build.0 = Release|Any CPU
	EndGlobalSection
	GlobalSection(SolutionProperties) = preSolution
		HideSolutionNode = FALSE
	EndGlobalSection
	GlobalSection(ExtensibilityGlobals) = postSolution
		SolutionGuid = {E32D759E-5FD2-44E8-B590-88B249C32A9C}
	EndGlobalSection
EndGlobal
